
Microsoft Visual Studio Solution File, Format Version 12.00
# Visual Studio 15
VisualStudioVersion = 15.0.27004.2006
MinimumVisualStudioVersion = 10.0.40219.1
Project("{9A19103F-16F7-4668-BE54-9A1E7A4F7556}") = "WebCore00", "WebCore00\WebCore00.csproj", "{2E5C5908-BD0B-4A6D-B68A-0AFE6FDA3658}"
EndProject
Project("{FAE04EC0-301F-11D3-BF4B-00C04F79EFBC}") = "Model", "Model\Model.csproj", "{DE01C6B7-E448-4D64-B79D-C5AF073AC32D}"
EndProject
Global
	GlobalSection(SolutionConfigurationPlatforms) = preSolution
		Debug|Any CPU = Debug|Any CPU
		Release|Any CPU = Release|Any CPU
	EndGlobalSection
	GlobalSection(ProjectConfigurationPlatforms) = postSolution
		{2E5C5908-BD0B-4A6D-B68A-0AFE6FDA3658}.Debug|Any CPU.ActiveCfg = Debug|Any CPU
		{2E5C5908-BD0B-4A6D-B68A-0AFE6FDA3658}.Debug|Any CPU.Build.0 = Debug|Any CPU
		{2E5C5908-BD0B-4A6D-B68A-0AFE6FDA3658}.Release|Any CPU.ActiveCfg = Release|Any CPU
		{2E5C5908-BD0B-4A6D-B68A-0AFE6FDA3658}.Release|Any CPU.Build.0 = Release|Any CPU
		{DE01C6B7-E448-4D64-B79D-C5AF073AC32D}.Debug|Any CPU.ActiveCfg = Debug|Any CPU
		{DE01C6B7-E448-4D64-B79D-C5AF073AC32D}.Debug|Any CPU.Build.0 = Debug|Any CPU
		{DE01C6B7-E448-4D64-B79D-C5AF073AC32D}.Release|Any CPU.ActiveCfg = Release|Any CPU
		{DE01C6B7-E448-4D64-B79D-C5AF073AC32D}.Release|Any CPU.Build.0 = Release|Any CPU
	EndGlobalSection
	GlobalSection(SolutionProperties) = preSolution
		HideSolutionNode = FALSE
	EndGlobalSection
	GlobalSection(ExtensibilityGlobals) = postSolution
		SolutionGuid = {A67B194B-B21E-4650-848C-371143A269D8}
	EndGlobalSection
EndGlobal
